
Microsoft Visual Studio Solution File, Format Version 12.00
# Visual Studio Version 16
VisualStudioVersion = 16.0.30104.148
MinimumVisualStudioVersion = 10.0.40219.1
Project("{FAE04EC0-301F-11D3-BF4B-00C04F79EFBC}") = "kodfestdeneme", "kodfestdeneme\kodfestdeneme.csproj", "{58FA58E7-0BE2-4FF9-9475-B70066B5997A}"
EndProject
Global
	GlobalSection(SolutionConfigurationPlatforms) = preSolution
		Debug|Any CPU = Debug|Any CPU
		Release|Any CPU = Release|Any CPU
	EndGlobalSection
	GlobalSection(ProjectConfigurationPlatforms) = postSolution
		{58FA58E7-0BE2-4FF9-9475-B70066B5997A}.Debug|Any CPU.ActiveCfg = Debug|Any CPU
		{58FA58E7-0BE2-4FF9-9475-B70066B5997A}.Debug|Any CPU.Build.0 = Debug|Any CPU
		{58FA58E7-0BE2-4FF9-9475-B70066B5997A}.Release|Any CPU.ActiveCfg = Release|Any CPU
		{58FA58E7-0BE2-4FF9-9475-B70066B5997A}.Release|Any CPU.Build.0 = Release|Any CPU
	EndGlobalSection
	GlobalSection(SolutionProperties) = preSolution
		HideSolutionNode = FALSE
	EndGlobalSection
	GlobalSection(ExtensibilityGlobals) = postSolution
		SolutionGuid = {E041D087-4525-48A8-B217-AD95E3D9AC74}
	EndGlobalSection
EndGlobal
